{
  "version": 3,
  "targets": {
    "net6.0": {
      "GitVersion.Tool/5.10.3": {
        "type": "package"
      }
    },
    "net6.0/any": {
      "GitVersion.Tool/5.10.3": {
        "type": "package",
        "tools": {
          "tools/net6.0/any/DotnetToolSettings.xml": {},
          "tools/net6.0/any/GitVersion.Core.dll": {},
          "tools/net6.0/any/GitVersion.LibGit2Sharp.dll": {},
          "tools/net6.0/any/LibGit2Sharp.dll": {},
          "tools/net6.0/any/Microsoft.Extensions.Configuration.Abstractions.dll": {},
          "tools/net6.0/any/Microsoft.Extensions.Configuration.Binder.dll": {},
          "tools/net6.0/any/Microsoft.Extensions.Configuration.CommandLine.dll": {},
          "tools/net6.0/any/Microsoft.Extensions.Configuration.EnvironmentVariables.dll": {},
          "tools/net6.0/any/Microsoft.Extensions.Configuration.FileExtensions.dll": {},
          "tools/net6.0/any/Microsoft.Extensions.Configuration.Json.dll": {},
          "tools/net6.0/any/Microsoft.Extensions.Configuration.UserSecrets.dll": {},
          "tools/net6.0/any/Microsoft.Extensions.Configuration.dll": {},
          "tools/net6.0/any/Microsoft.Extensions.DependencyInjection.Abstractions.dll": {},
          "tools/net6.0/any/Microsoft.Extensions.DependencyInjection.dll": {},
          "tools/net6.0/any/Microsoft.Extensions.FileProviders.Abstractions.dll": {},
          "tools/net6.0/any/Microsoft.Extensions.FileProviders.Physical.dll": {},
          "tools/net6.0/any/Microsoft.Extensions.FileSystemGlobbing.dll": {},
          "tools/net6.0/any/Microsoft.Extensions.Hosting.Abstractions.dll": {},
          "tools/net6.0/any/Microsoft.Extensions.Hosting.dll": {},
          "tools/net6.0/any/Microsoft.Extensions.Logging.Abstractions.dll": {},
          "tools/net6.0/any/Microsoft.Extensions.Logging.Configuration.dll": {},
          "tools/net6.0/any/Microsoft.Extensions.Logging.Console.dll": {},
          "tools/net6.0/any/Microsoft.Extensions.Logging.Debug.dll": {},
          "tools/net6.0/any/Microsoft.Extensions.Logging.EventLog.dll": {},
          "tools/net6.0/any/Microsoft.Extensions.Logging.EventSource.dll": {},
          "tools/net6.0/any/Microsoft.Extensions.Logging.dll": {},
          "tools/net6.0/any/Microsoft.Extensions.Options.ConfigurationExtensions.dll": {},
          "tools/net6.0/any/Microsoft.Extensions.Options.dll": {},
          "tools/net6.0/any/Microsoft.Extensions.Primitives.dll": {},
          "tools/net6.0/any/Polly.dll": {},
          "tools/net6.0/any/System.Diagnostics.EventLog.dll": {},
          "tools/net6.0/any/YamlDotNet.dll": {},
          "tools/net6.0/any/gitversion.deps.json": {},
          "tools/net6.0/any/gitversion.dll": {},
          "tools/net6.0/any/gitversion.runtimeconfig.json": {},
          "tools/net6.0/any/runtimes/linux-arm/native/libgit2-b7bad55.so": {},
          "tools/net6.0/any/runtimes/linux-arm64/native/libgit2-b7bad55.so": {},
          "tools/net6.0/any/runtimes/linux-musl-arm/native/libgit2-b7bad55.so": {},
          "tools/net6.0/any/runtimes/linux-musl-arm64/native/libgit2-b7bad55.so": {},
          "tools/net6.0/any/runtimes/linux-musl-x64/native/libgit2-b7bad55.so": {},
          "tools/net6.0/any/runtimes/linux-x64/native/libgit2-b7bad55.so": {},
          "tools/net6.0/any/runtimes/osx-arm64/native/libgit2-b7bad55.dylib": {},
          "tools/net6.0/any/runtimes/osx-x64/native/libgit2-b7bad55.dylib": {},
          "tools/net6.0/any/runtimes/win-arm64/native/git2-b7bad55.dll": {},
          "tools/net6.0/any/runtimes/win-x64/native/git2-b7bad55.dll": {},
          "tools/net6.0/any/runtimes/win-x86/native/git2-b7bad55.dll": {},
          "tools/net6.0/any/runtimes/win/lib/net6.0/System.Diagnostics.EventLog.Messages.dll": {},
          "tools/net6.0/any/runtimes/win/lib/net6.0/System.Diagnostics.EventLog.dll": {}
        }
      }
    }
  },
  "libraries": {
    "GitVersion.Tool/5.10.3": {
      "sha512": "SJmIVL8tO3L0UbyqXRI5i8YaizMpzTmKXVqkyetaEF4malteLZeRMIX0xVisx+GfSNtKwcSpZpSOWvQfFA2lbQ==",
      "type": "package",
      "path": "gitversion.tool/5.10.3",
      "hasTools": true,
      "files": [
        ".nupkg.metadata",
        ".signature.p7s",
        "README.md",
        "gitversion.tool.5.10.3.nupkg.sha512",
        "gitversion.tool.nuspec",
        "package_icon.png",
        "tools/net5.0/any/DotnetToolSettings.xml",
        "tools/net5.0/any/GitVersion.Core.dll",
        "tools/net5.0/any/GitVersion.LibGit2Sharp.dll",
        "tools/net5.0/any/LibGit2Sharp.dll",
        "tools/net5.0/any/Microsoft.Extensions.Configuration.Abstractions.dll",
        "tools/net5.0/any/Microsoft.Extensions.Configuration.Binder.dll",
        "tools/net5.0/any/Microsoft.Extensions.Configuration.CommandLine.dll",
        "tools/net5.0/any/Microsoft.Extensions.Configuration.EnvironmentVariables.dll",
        "tools/net5.0/any/Microsoft.Extensions.Configuration.FileExtensions.dll",
        "tools/net5.0/any/Microsoft.Extensions.Configuration.Json.dll",
        "tools/net5.0/any/Microsoft.Extensions.Configuration.UserSecrets.dll",
        "tools/net5.0/any/Microsoft.Extensions.Configuration.dll",
        "tools/net5.0/any/Microsoft.Extensions.DependencyInjection.Abstractions.dll",
        "tools/net5.0/any/Microsoft.Extensions.DependencyInjection.dll",
        "tools/net5.0/any/Microsoft.Extensions.FileProviders.Abstractions.dll",
        "tools/net5.0/any/Microsoft.Extensions.FileProviders.Physical.dll",
        "tools/net5.0/any/Microsoft.Extensions.FileSystemGlobbing.dll",
        "tools/net5.0/any/Microsoft.Extensions.Hosting.Abstractions.dll",
        "tools/net5.0/any/Microsoft.Extensions.Hosting.dll",
        "tools/net5.0/any/Microsoft.Extensions.Logging.Abstractions.dll",
        "tools/net5.0/any/Microsoft.Extensions.Logging.Configuration.dll",
        "tools/net5.0/any/Microsoft.Extensions.Logging.Console.dll",
        "tools/net5.0/any/Microsoft.Extensions.Logging.Debug.dll",
        "tools/net5.0/any/Microsoft.Extensions.Logging.EventLog.dll",
        "tools/net5.0/any/Microsoft.Extensions.Logging.EventSource.dll",
        "tools/net5.0/any/Microsoft.Extensions.Logging.dll",
        "tools/net5.0/any/Microsoft.Extensions.Options.ConfigurationExtensions.dll",
        "tools/net5.0/any/Microsoft.Extensions.Options.dll",
        "tools/net5.0/any/Microsoft.Extensions.Primitives.dll",
        "tools/net5.0/any/Polly.dll",
        "tools/net5.0/any/System.Diagnostics.DiagnosticSource.dll",
        "tools/net5.0/any/System.Diagnostics.EventLog.dll",
        "tools/net5.0/any/System.Runtime.CompilerServices.Unsafe.dll",
        "tools/net5.0/any/System.Text.Encodings.Web.dll",
        "tools/net5.0/any/System.Text.Json.dll",
        "tools/net5.0/any/YamlDotNet.dll",
        "tools/net5.0/any/gitversion.deps.json",
        "tools/net5.0/any/gitversion.dll",
        "tools/net5.0/any/gitversion.runtimeconfig.json",
        "tools/net5.0/any/runtimes/linux-arm/native/libgit2-b7bad55.so",
        "tools/net5.0/any/runtimes/linux-arm64/native/libgit2-b7bad55.so",
        "tools/net5.0/any/runtimes/linux-musl-arm/native/libgit2-b7bad55.so",
        "tools/net5.0/any/runtimes/linux-musl-arm64/native/libgit2-b7bad55.so",
        "tools/net5.0/any/runtimes/linux-musl-x64/native/libgit2-b7bad55.so",
        "tools/net5.0/any/runtimes/linux-x64/native/libgit2-b7bad55.so",
        "tools/net5.0/any/runtimes/osx-arm64/native/libgit2-b7bad55.dylib",
        "tools/net5.0/any/runtimes/osx-x64/native/libgit2-b7bad55.dylib",
        "tools/net5.0/any/runtimes/win-arm64/native/git2-b7bad55.dll",
        "tools/net5.0/any/runtimes/win-x64/native/git2-b7bad55.dll",
        "tools/net5.0/any/runtimes/win-x86/native/git2-b7bad55.dll",
        "tools/net5.0/any/runtimes/win/lib/netcoreapp3.1/System.Diagnostics.EventLog.Messages.dll",
        "tools/net5.0/any/runtimes/win/lib/netcoreapp3.1/System.Diagnostics.EventLog.dll",
        "tools/net6.0/any/DotnetToolSettings.xml",
        "tools/net6.0/any/GitVersion.Core.dll",
        "tools/net6.0/any/GitVersion.LibGit2Sharp.dll",
        "tools/net6.0/any/LibGit2Sharp.dll",
        "tools/net6.0/any/Microsoft.Extensions.Configuration.Abstractions.dll",
        "tools/net6.0/any/Microsoft.Extensions.Configuration.Binder.dll",
        "tools/net6.0/any/Microsoft.Extensions.Configuration.CommandLine.dll",
        "tools/net6.0/any/Microsoft.Extensions.Configuration.EnvironmentVariables.dll",
        "tools/net6.0/any/Microsoft.Extensions.Configuration.FileExtensions.dll",
        "tools/net6.0/any/Microsoft.Extensions.Configuration.Json.dll",
        "tools/net6.0/any/Microsoft.Extensions.Configuration.UserSecrets.dll",
        "tools/net6.0/any/Microsoft.Extensions.Configuration.dll",
        "tools/net6.0/any/Microsoft.Extensions.DependencyInjection.Abstractions.dll",
        "tools/net6.0/any/Microsoft.Extensions.DependencyInjection.dll",
        "tools/net6.0/any/Microsoft.Extensions.FileProviders.Abstractions.dll",
        "tools/net6.0/any/Microsoft.Extensions.FileProviders.Physical.dll",
        "tools/net6.0/any/Microsoft.Extensions.FileSystemGlobbing.dll",
        "tools/net6.0/any/Microsoft.Extensions.Hosting.Abstractions.dll",
        "tools/net6.0/any/Microsoft.Extensions.Hosting.dll",
        "tools/net6.0/any/Microsoft.Extensions.Logging.Abstractions.dll",
        "tools/net6.0/any/Microsoft.Extensions.Logging.Configuration.dll",
        "tools/net6.0/any/Microsoft.Extensions.Logging.Console.dll",
        "tools/net6.0/any/Microsoft.Extensions.Logging.Debug.dll",
        "tools/net6.0/any/Microsoft.Extensions.Logging.EventLog.dll",
        "tools/net6.0/any/Microsoft.Extensions.Logging.EventSource.dll",
        "tools/net6.0/any/Microsoft.Extensions.Logging.dll",
        "tools/net6.0/any/Microsoft.Extensions.Options.ConfigurationExtensions.dll",
        "tools/net6.0/any/Microsoft.Extensions.Options.dll",
        "tools/net6.0/any/Microsoft.Extensions.Primitives.dll",
        "tools/net6.0/any/Polly.dll",
        "tools/net6.0/any/System.Diagnostics.EventLog.dll",
        "tools/net6.0/any/YamlDotNet.dll",
        "tools/net6.0/any/gitversion.deps.json",
        "tools/net6.0/any/gitversion.dll",
        "tools/net6.0/any/gitversion.runtimeconfig.json",
        "tools/net6.0/any/runtimes/linux-arm/native/libgit2-b7bad55.so",
        "tools/net6.0/any/runtimes/linux-arm64/native/libgit2-b7bad55.so",
        "tools/net6.0/any/runtimes/linux-musl-arm/native/libgit2-b7bad55.so",
        "tools/net6.0/any/runtimes/linux-musl-arm64/native/libgit2-b7bad55.so",
        "tools/net6.0/any/runtimes/linux-musl-x64/native/libgit2-b7bad55.so",
        "tools/net6.0/any/runtimes/linux-x64/native/libgit2-b7bad55.so",
        "tools/net6.0/any/runtimes/osx-arm64/native/libgit2-b7bad55.dylib",
        "tools/net6.0/any/runtimes/osx-x64/native/libgit2-b7bad55.dylib",
        "tools/net6.0/any/runtimes/win-arm64/native/git2-b7bad55.dll",
        "tools/net6.0/any/runtimes/win-x64/native/git2-b7bad55.dll",
        "tools/net6.0/any/runtimes/win-x86/native/git2-b7bad55.dll",
        "tools/net6.0/any/runtimes/win/lib/net6.0/System.Diagnostics.EventLog.Messages.dll",
        "tools/net6.0/any/runtimes/win/lib/net6.0/System.Diagnostics.EventLog.dll",
        "tools/netcoreapp3.1/any/DotnetToolSettings.xml",
        "tools/netcoreapp3.1/any/GitVersion.Core.dll",
        "tools/netcoreapp3.1/any/GitVersion.LibGit2Sharp.dll",
        "tools/netcoreapp3.1/any/LibGit2Sharp.dll",
        "tools/netcoreapp3.1/any/Microsoft.Extensions.Configuration.Abstractions.dll",
        "tools/netcoreapp3.1/any/Microsoft.Extensions.Configuration.Binder.dll",
        "tools/netcoreapp3.1/any/Microsoft.Extensions.Configuration.CommandLine.dll",
        "tools/netcoreapp3.1/any/Microsoft.Extensions.Configuration.EnvironmentVariables.dll",
        "tools/netcoreapp3.1/any/Microsoft.Extensions.Configuration.FileExtensions.dll",
        "tools/netcoreapp3.1/any/Microsoft.Extensions.Configuration.Json.dll",
        "tools/netcoreapp3.1/any/Microsoft.Extensions.Configuration.UserSecrets.dll",
        "tools/netcoreapp3.1/any/Microsoft.Extensions.Configuration.dll",
        "tools/netcoreapp3.1/any/Microsoft.Extensions.DependencyInjection.Abstractions.dll",
        "tools/netcoreapp3.1/any/Microsoft.Extensions.DependencyInjection.dll",
        "tools/netcoreapp3.1/any/Microsoft.Extensions.FileProviders.Abstractions.dll",
        "tools/netcoreapp3.1/any/Microsoft.Extensions.FileProviders.Physical.dll",
        "tools/netcoreapp3.1/any/Microsoft.Extensions.FileSystemGlobbing.dll",
        "tools/netcoreapp3.1/any/Microsoft.Extensions.Hosting.Abstractions.dll",
        "tools/netcoreapp3.1/any/Microsoft.Extensions.Hosting.dll",
        "tools/netcoreapp3.1/any/Microsoft.Extensions.Logging.Abstractions.dll",
        "tools/netcoreapp3.1/any/Microsoft.Extensions.Logging.Configuration.dll",
        "tools/netcoreapp3.1/any/Microsoft.Extensions.Logging.Console.dll",
        "tools/netcoreapp3.1/any/Microsoft.Extensions.Logging.Debug.dll",
        "tools/netcoreapp3.1/any/Microsoft.Extensions.Logging.EventLog.dll",
        "tools/netcoreapp3.1/any/Microsoft.Extensions.Logging.EventSource.dll",
        "tools/netcoreapp3.1/any/Microsoft.Extensions.Logging.dll",
        "tools/netcoreapp3.1/any/Microsoft.Extensions.Options.ConfigurationExtensions.dll",
        "tools/netcoreapp3.1/any/Microsoft.Extensions.Options.dll",
        "tools/netcoreapp3.1/any/Microsoft.Extensions.Primitives.dll",
        "tools/netcoreapp3.1/any/Microsoft.Win32.Registry.dll",
        "tools/netcoreapp3.1/any/Polly.dll",
        "tools/netcoreapp3.1/any/System.Diagnostics.DiagnosticSource.dll",
        "tools/netcoreapp3.1/any/System.Diagnostics.EventLog.dll",
        "tools/netcoreapp3.1/any/System.Runtime.CompilerServices.Unsafe.dll",
        "tools/netcoreapp3.1/any/System.Security.AccessControl.dll",
        "tools/netcoreapp3.1/any/System.Security.Principal.Windows.dll",
        "tools/netcoreapp3.1/any/System.Text.Encodings.Web.dll",
        "tools/netcoreapp3.1/any/System.Text.Json.dll",
        "tools/netcoreapp3.1/any/YamlDotNet.dll",
        "tools/netcoreapp3.1/any/gitversion.deps.json",
        "tools/netcoreapp3.1/any/gitversion.dll",
        "tools/netcoreapp3.1/any/gitversion.runtimeconfig.json",
        "tools/netcoreapp3.1/any/runtimes/linux-arm/native/libgit2-b7bad55.so",
        "tools/netcoreapp3.1/any/runtimes/linux-arm64/native/libgit2-b7bad55.so",
        "tools/netcoreapp3.1/any/runtimes/linux-musl-arm/native/libgit2-b7bad55.so",
        "tools/netcoreapp3.1/any/runtimes/linux-musl-arm64/native/libgit2-b7bad55.so",
        "tools/netcoreapp3.1/any/runtimes/linux-musl-x64/native/libgit2-b7bad55.so",
        "tools/netcoreapp3.1/any/runtimes/linux-x64/native/libgit2-b7bad55.so",
        "tools/netcoreapp3.1/any/runtimes/osx-arm64/native/libgit2-b7bad55.dylib",
        "tools/netcoreapp3.1/any/runtimes/osx-x64/native/libgit2-b7bad55.dylib",
        "tools/netcoreapp3.1/any/runtimes/unix/lib/netcoreapp2.1/System.Security.Principal.Windows.dll",
        "tools/netcoreapp3.1/any/runtimes/win-arm64/native/git2-b7bad55.dll",
        "tools/netcoreapp3.1/any/runtimes/win-x64/native/git2-b7bad55.dll",
        "tools/netcoreapp3.1/any/runtimes/win-x86/native/git2-b7bad55.dll",
        "tools/netcoreapp3.1/any/runtimes/win/lib/netcoreapp2.0/System.Security.AccessControl.dll",
        "tools/netcoreapp3.1/any/runtimes/win/lib/netcoreapp2.1/System.Security.Principal.Windows.dll",
        "tools/netcoreapp3.1/any/runtimes/win/lib/netcoreapp3.1/System.Diagnostics.EventLog.Messages.dll",
        "tools/netcoreapp3.1/any/runtimes/win/lib/netcoreapp3.1/System.Diagnostics.EventLog.dll",
        "tools/netcoreapp3.1/any/runtimes/win/lib/netstandard2.0/Microsoft.Win32.Registry.dll"
      ]
    }
  },
  "projectFileDependencyGroups": {
    "net6.0": [
      "gitversion.tool >= 5.10.3"
    ]
  },
  "packageFolders": {
    "/home/gary/Documents/threenine/api-template/tools/.store/.stage/aeejnxbt.4kj": {}
  },
  "project": {
    "version": "1.0.0",
    "restore": {
      "projectUniqueName": "/tmp/nlkornyx.v0g/restore.csproj",
      "projectName": "restore",
      "projectPath": "/tmp/nlkornyx.v0g/restore.csproj",
      "packagesPath": "/home/gary/Documents/threenine/api-template/tools/.store/.stage/aeejnxbt.4kj",
      "outputPath": "/home/gary/Documents/threenine/api-template/tools/.store/.stage/aeejnxbt.4kj/",
      "projectStyle": "DotnetToolReference",
      "configFilePaths": [
        "/home/gary/.nuget/NuGet/NuGet.Config"
      ],
      "originalTargetFrameworks": [
        "net6.0"
      ],
      "sources": {
        "https://api.nuget.org/v3/index.json": {}
      },
      "frameworks": {
        "net6.0": {
          "targetAlias": "net6.0",
          "projectReferences": {}
        }
      },
      "warningProperties": {
        "warnAsError": [
          "NU1605"
        ]
      }
    },
    "frameworks": {
      "net6.0": {
        "targetAlias": "net6.0",
        "dependencies": {
          "gitversion.tool": {
            "target": "Package",
            "version": "[5.10.3, )"
          }
        },
        "imports": [
          "net461",
          "net462",
          "net47",
          "net471",
          "net472",
          "net48"
        ],
        "assetTargetFallback": true,
        "warn": true,
        "runtimeIdentifierGraphPath": "/usr/share/dotnet/sdk/6.0.202/RuntimeIdentifierGraph.json"
      }
    },
    "runtimes": {
      "any": {
        "#import": []
      }
    }
  }
}